
Microsoft Visual Studio Solution File, Format Version 12.00
# Visual Studio Version 16
VisualStudioVersion = 16.0.29306.81
MinimumVisualStudioVersion = 10.0.40219.1
Project("{FAE04EC0-301F-11D3-BF4B-00C04F79EFBC}") = "Vektorel.Windows.KacanButonApp", "Vektorel.Windows.KacanButonApp\Vektorel.Windows.KacanButonApp.csproj", "{B2DC754F-44D7-4CEE-8DFE-56103BB13582}"
EndProject
Global
	GlobalSection(SolutionConfigurationPlatforms) = preSolution
		Debug|Any CPU = Debug|Any CPU
		Release|Any CPU = Release|Any CPU
	EndGlobalSection
	GlobalSection(ProjectConfigurationPlatforms) = postSolution
		{B2DC754F-44D7-4CEE-8DFE-56103BB13582}.Debug|Any CPU.ActiveCfg = Debug|Any CPU
		{B2DC754F-44D7-4CEE-8DFE-56103BB13582}.Debug|Any CPU.Build.0 = Debug|Any CPU
		{B2DC754F-44D7-4CEE-8DFE-56103BB13582}.Release|Any CPU.ActiveCfg = Release|Any CPU
		{B2DC754F-44D7-4CEE-8DFE-56103BB13582}.Release|Any CPU.Build.0 = Release|Any CPU
	EndGlobalSection
	GlobalSection(SolutionProperties) = preSolution
		HideSolutionNode = FALSE
	EndGlobalSection
	GlobalSection(ExtensibilityGlobals) = postSolution
		SolutionGuid = {10C63C21-6A3A-4E6A-98C4-732537421E54}
	EndGlobalSection
EndGlobal
